<Solution>
  <Folder Name="/src/">
    <Project Path="src/Foundation.Api/Foundation.Api.csproj" />
    <Project Path="src/Foundation.Application/Foundation.Application.csproj" />
    <Project Path="src/Foundation.Domain/Foundation.Domain.csproj" />
    <Project Path="src/Foundation.Infrastructure/Foundation.Infrastructure.csproj" />
    <Project Path="src/Foundation.SharedKernel/Foundation.SharedKernel.csproj" />
  </Folder>
  <Folder Name="/tests/">
    <Project Path="tests/Foundation.ArchitectureTests/Foundation.ArchitectureTests.csproj" />
    <Project Path="tests/Foundation.IntegrationTests/Foundation.IntegrationTests.csproj" />
    <Project Path="tests/Foundation.UnitTests/Foundation.UnitTests.csproj" />
  </Folder>
</Solution>
