
Microsoft Visual Studio Solution File, Format Version 12.00
# Visual Studio Version 17
VisualStudioVersion = 17.10.35122.118
MinimumVisualStudioVersion = 10.0.40219.1
Project("{2150E333-8FDC-42A3-9474-1A3956D46DE8}") = "Core", "Core", "{CF30A555-A78E-4F04-9ECE-98CC5D4A3A42}"
EndProject
Project("{2150E333-8FDC-42A3-9474-1A3956D46DE8}") = "Application", "Application", "{9D9D7866-1158-44AE-9033-96C7A392E8B4}"
EndProject
Project("{2150E333-8FDC-42A3-9474-1A3956D46DE8}") = "Domain", "Domain", "{7049D81F-4480-4274-9094-E28D908C0507}"
EndProject
Project("{FAE04EC0-301F-11D3-BF4B-00C04F79EFBC}") = "FresherDev.HMS.Auth", "Core\FresherDev.HMS.Auth\FresherDev.HMS.Auth.csproj", "{890E216B-5A31-42CC-8447-821870E0DCC5}"
EndProject
Project("{FAE04EC0-301F-11D3-BF4B-00C04F79EFBC}") = "FresherDev.HMS.Common", "Core\FresherDev.HMS.Common\FresherDev.HMS.Common.csproj", "{E63C6B7D-A8E7-401B-843F-AC2B0F82D9BF}"
EndProject
Project("{FAE04EC0-301F-11D3-BF4B-00C04F79EFBC}") = "FresherDev.HMS.EntityFramework", "Core\FresherDev.HMS.EntityFramework\FresherDev.HMS.EntityFramework.csproj", "{90FE712E-E4AD-4707-9ED4-AA80CC2C446B}"
EndProject
Project("{FAE04EC0-301F-11D3-BF4B-00C04F79EFBC}") = "FresherDev.HMS.Infrastructure", "Core\FresherDev.HMS.Infrastructure\FresherDev.HMS.Infrastructure.csproj", "{19FD5266-27E3-4913-9370-5CD8F7835BCE}"
EndProject
Project("{FAE04EC0-301F-11D3-BF4B-00C04F79EFBC}") = "FresherDev.HMS.Core", "Domain\FresherDev.HMS.Core\FresherDev.HMS.Core.csproj", "{4AB8E796-7A5C-4EC1-BDC4-6CEA8F4A8465}"
EndProject
Project("{FAE04EC0-301F-11D3-BF4B-00C04F79EFBC}") = "FresherDev.HMS.Core.Shared", "Domain\FresherDev.HMS.Core.Shared\FresherDev.HMS.Core.Shared.csproj", "{B844D0CC-8703-4EE3-85D4-CB9081F3186B}"
EndProject
Project("{FAE04EC0-301F-11D3-BF4B-00C04F79EFBC}") = "FresherDev.HMS.Domain", "Domain\FresherDev.HMS.Domain\FresherDev.HMS.Domain.csproj", "{3F268660-5BA4-4E35-B0D8-E80D4E207A2D}"
EndProject
Project("{FAE04EC0-301F-11D3-BF4B-00C04F79EFBC}") = "FresherDev.HMS.Api.Core.Shared", "Application\FresherDev.HMS.Api.Core.Shared\FresherDev.HMS.Api.Core.Shared.csproj", "{C11E2033-BC9F-490F-8D0F-06E6E121A56C}"
EndProject
Project("{FAE04EC0-301F-11D3-BF4B-00C04F79EFBC}") = "FresherDev.HMS.Api.Core", "Application\FresherDev.HMS.Api.Core\FresherDev.HMS.Api.Core.csproj", "{67EB9E85-1896-4A62-B929-274B07D27D4D}"
EndProject
Project("{FAE04EC0-301F-11D3-BF4B-00C04F79EFBC}") = "FresherDev.HMS.Api", "Application\FresherDev.HMS.Api\FresherDev.HMS.Api.csproj", "{F385116F-5CC9-407C-9648-172C0D2DDC83}"
EndProject
Global
	GlobalSection(SolutionConfigurationPlatforms) = preSolution
		Debug|Any CPU = Debug|Any CPU
		Release|Any CPU = Release|Any CPU
	EndGlobalSection
	GlobalSection(ProjectConfigurationPlatforms) = postSolution
		{890E216B-5A31-42CC-8447-821870E0DCC5}.Debug|Any CPU.ActiveCfg = Debug|Any CPU
		{890E216B-5A31-42CC-8447-821870E0DCC5}.Debug|Any CPU.Build.0 = Debug|Any CPU
		{890E216B-5A31-42CC-8447-821870E0DCC5}.Release|Any CPU.ActiveCfg = Release|Any CPU
		{890E216B-5A31-42CC-8447-821870E0DCC5}.Release|Any CPU.Build.0 = Release|Any CPU
		{E63C6B7D-A8E7-401B-843F-AC2B0F82D9BF}.Debug|Any CPU.ActiveCfg = Debug|Any CPU
		{E63C6B7D-A8E7-401B-843F-AC2B0F82D9BF}.Debug|Any CPU.Build.0 = Debug|Any CPU
		{E63C6B7D-A8E7-401B-843F-AC2B0F82D9BF}.Release|Any CPU.ActiveCfg = Release|Any CPU
		{E63C6B7D-A8E7-401B-843F-AC2B0F82D9BF}.Release|Any CPU.Build.0 = Release|Any CPU
		{90FE712E-E4AD-4707-9ED4-AA80CC2C446B}.Debug|Any CPU.ActiveCfg = Debug|Any CPU
		{90FE712E-E4AD-4707-9ED4-AA80CC2C446B}.Debug|Any CPU.Build.0 = Debug|Any CPU
		{90FE712E-E4AD-4707-9ED4-AA80CC2C446B}.Release|Any CPU.ActiveCfg = Release|Any CPU
		{90FE712E-E4AD-4707-9ED4-AA80CC2C446B}.Release|Any CPU.Build.0 = Release|Any CPU
		{19FD5266-27E3-4913-9370-5CD8F7835BCE}.Debug|Any CPU.ActiveCfg = Debug|Any CPU
		{19FD5266-27E3-4913-9370-5CD8F7835BCE}.Debug|Any CPU.Build.0 = Debug|Any CPU
		{19FD5266-27E3-4913-9370-5CD8F7835BCE}.Release|Any CPU.ActiveCfg = Release|Any CPU
		{19FD5266-27E3-4913-9370-5CD8F7835BCE}.Release|Any CPU.Build.0 = Release|Any CPU
		{4AB8E796-7A5C-4EC1-BDC4-6CEA8F4A8465}.Debug|Any CPU.ActiveCfg = Debug|Any CPU
		{4AB8E796-7A5C-4EC1-BDC4-6CEA8F4A8465}.Debug|Any CPU.Build.0 = Debug|Any CPU
		{4AB8E796-7A5C-4EC1-BDC4-6CEA8F4A8465}.Release|Any CPU.ActiveCfg = Release|Any CPU
		{4AB8E796-7A5C-4EC1-BDC4-6CEA8F4A8465}.Release|Any CPU.Build.0 = Release|Any CPU
		{B844D0CC-8703-4EE3-85D4-CB9081F3186B}.Debug|Any CPU.ActiveCfg = Debug|Any CPU
		{B844D0CC-8703-4EE3-85D4-CB9081F3186B}.Debug|Any CPU.Build.0 = Debug|Any CPU
		{B844D0CC-8703-4EE3-85D4-CB9081F3186B}.Release|Any CPU.ActiveCfg = Release|Any CPU
		{B844D0CC-8703-4EE3-85D4-CB9081F3186B}.Release|Any CPU.Build.0 = Release|Any CPU
		{3F268660-5BA4-4E35-B0D8-E80D4E207A2D}.Debug|Any CPU.ActiveCfg = Debug|Any CPU
		{3F268660-5BA4-4E35-B0D8-E80D4E207A2D}.Debug|Any CPU.Build.0 = Debug|Any CPU
		{3F268660-5BA4-4E35-B0D8-E80D4E207A2D}.Release|Any CPU.ActiveCfg = Release|Any CPU
		{3F268660-5BA4-4E35-B0D8-E80D4E207A2D}.Release|Any CPU.Build.0 = Release|Any CPU
		{C11E2033-BC9F-490F-8D0F-06E6E121A56C}.Debug|Any CPU.ActiveCfg = Debug|Any CPU
		{C11E2033-BC9F-490F-8D0F-06E6E121A56C}.Debug|Any CPU.Build.0 = Debug|Any CPU
		{C11E2033-BC9F-490F-8D0F-06E6E121A56C}.Release|Any CPU.ActiveCfg = Release|Any CPU
		{C11E2033-BC9F-490F-8D0F-06E6E121A56C}.Release|Any CPU.Build.0 = Release|Any CPU
		{67EB9E85-1896-4A62-B929-274B07D27D4D}.Debug|Any CPU.ActiveCfg = Debug|Any CPU
		{67EB9E85-1896-4A62-B929-274B07D27D4D}.Debug|Any CPU.Build.0 = Debug|Any CPU
		{67EB9E85-1896-4A62-B929-274B07D27D4D}.Release|Any CPU.ActiveCfg = Release|Any CPU
		{67EB9E85-1896-4A62-B929-274B07D27D4D}.Release|Any CPU.Build.0 = Release|Any CPU
		{F385116F-5CC9-407C-9648-172C0D2DDC83}.Debug|Any CPU.ActiveCfg = Debug|Any CPU
		{F385116F-5CC9-407C-9648-172C0D2DDC83}.Debug|Any CPU.Build.0 = Debug|Any CPU
		{F385116F-5CC9-407C-9648-172C0D2DDC83}.Release|Any CPU.ActiveCfg = Release|Any CPU
		{F385116F-5CC9-407C-9648-172C0D2DDC83}.Release|Any CPU.Build.0 = Release|Any CPU
	EndGlobalSection
	GlobalSection(SolutionProperties) = preSolution
		HideSolutionNode = FALSE
	EndGlobalSection
	GlobalSection(NestedProjects) = preSolution
		{890E216B-5A31-42CC-8447-821870E0DCC5} = {CF30A555-A78E-4F04-9ECE-98CC5D4A3A42}
		{E63C6B7D-A8E7-401B-843F-AC2B0F82D9BF} = {CF30A555-A78E-4F04-9ECE-98CC5D4A3A42}
		{90FE712E-E4AD-4707-9ED4-AA80CC2C446B} = {CF30A555-A78E-4F04-9ECE-98CC5D4A3A42}
		{19FD5266-27E3-4913-9370-5CD8F7835BCE} = {CF30A555-A78E-4F04-9ECE-98CC5D4A3A42}
		{4AB8E796-7A5C-4EC1-BDC4-6CEA8F4A8465} = {7049D81F-4480-4274-9094-E28D908C0507}
		{B844D0CC-8703-4EE3-85D4-CB9081F3186B} = {7049D81F-4480-4274-9094-E28D908C0507}
		{3F268660-5BA4-4E35-B0D8-E80D4E207A2D} = {7049D81F-4480-4274-9094-E28D908C0507}
		{C11E2033-BC9F-490F-8D0F-06E6E121A56C} = {9D9D7866-1158-44AE-9033-96C7A392E8B4}
		{67EB9E85-1896-4A62-B929-274B07D27D4D} = {9D9D7866-1158-44AE-9033-96C7A392E8B4}
		{F385116F-5CC9-407C-9648-172C0D2DDC83} = {9D9D7866-1158-44AE-9033-96C7A392E8B4}
	EndGlobalSection
	GlobalSection(ExtensibilityGlobals) = postSolution
		SolutionGuid = {69E34297-E54C-4714-9D83-B9F786DFBEC0}
	EndGlobalSection
EndGlobal
