<Solution>
  <Folder Name="/src/">
    <Project Path="src/Bedrock.Domain/Bedrock.Domain.csproj" />
    <Project Path="src/Bedrock.Messaging.Contracts/Bedrock.Messaging.Contracts.csproj" />
    <Project Path="src/Bedrock.Application/Bedrock.Application.csproj" />
    <Project Path="src/Bedrock.Api/Bedrock.Api.csproj" />
    <Project Path="src/Bedrock.Infrastructure/Bedrock.Infrastructure.csproj" />
  </Folder>
  <Folder Name="/tests/">
    <Project Path="tests/Bedrock.UnitTests/Bedrock.UnitTests.csproj" />
    <Project Path="tests/Bedrock.ArchitectureTests/Bedrock.ArchitectureTests.csproj" />
    <Project Path="tests/Bedrock.Api.Tests/Bedrock.Api.Tests.csproj" />
    <Project Path="tests/Bedrock.Infrastructure.Tests/Bedrock.Infrastructure.Tests.csproj" />
  </Folder>
</Solution>
