<Solution>
  <!-- Solution app Resort QR. Tầng nền tái dùng giữ nguyên tên ResortQr.* (base sạch, domain-agnostic);
       nghiệp vụ resort sẽ thêm dưới dạng project ResortQr.* build TRÊN nền này. -->
  <Folder Name="/src/">
    <Project Path="src/ResortQr.Api/ResortQr.Api.csproj" />
    <Project Path="src/ResortQr.Application/ResortQr.Application.csproj" />
    <Project Path="src/ResortQr.Domain/ResortQr.Domain.csproj" />
    <Project Path="src/ResortQr.Infrastructure/ResortQr.Infrastructure.csproj" />
    <Project Path="src/ResortQr.SharedKernel/ResortQr.SharedKernel.csproj" />
  </Folder>
  <Folder Name="/tests/">
    <Project Path="tests/ResortQr.ArchitectureTests/ResortQr.ArchitectureTests.csproj" />
    <Project Path="tests/ResortQr.IntegrationTests/ResortQr.IntegrationTests.csproj" />
    <Project Path="tests/ResortQr.UnitTests/ResortQr.UnitTests.csproj" />
  </Folder>
</Solution>
