<Solution>
  <!--
    D1-a (QR-AD): starhill CHỈ chứa phần NGHIỆP VỤ QR. Base chuẩn (Bedrock.* + Adapters) sống DUY NHẤT ở
    platform/src và được tham chiếu qua $(PlatformSrc) (Directory.Build.props). Các project base build TRANSITIVE
    như dependency của module/Host nên KHÔNG cần liệt kê ở đây. Test base (Bedrock.*Tests, Messaging.IntegrationTests,
    Adapters.*Tests) chạy trong platform/Platform.slnx — starhill chỉ giữ test NGHIỆP VỤ QR.
  -->
  <Folder Name="/src/Modules/Identity/">
    <Project Path="src/Modules/Identity/Identity.Contracts/Identity.Contracts.csproj" />
    <Project Path="src/Modules/Identity/Identity.Domain/Identity.Domain.csproj" />
    <Project Path="src/Modules/Identity/Identity.Application/Identity.Application.csproj" />
    <Project Path="src/Modules/Identity/Identity.Infrastructure/Identity.Infrastructure.csproj" />
    <Project Path="src/Modules/Identity/Identity.Api/Identity.Api.csproj" />
  </Folder>
  <Folder Name="/src/Modules/ResortConfig/">
    <Project Path="src/Modules/ResortConfig/ResortConfig.Contracts/ResortConfig.Contracts.csproj" />
    <Project Path="src/Modules/ResortConfig/ResortConfig.Domain/ResortConfig.Domain.csproj" />
    <Project Path="src/Modules/ResortConfig/ResortConfig.Application/ResortConfig.Application.csproj" />
    <Project Path="src/Modules/ResortConfig/ResortConfig.Infrastructure/ResortConfig.Infrastructure.csproj" />
  </Folder>
  <Folder Name="/src/Modules/Rooms/">
    <Project Path="src/Modules/Rooms/Rooms.Contracts/Rooms.Contracts.csproj" />
    <Project Path="src/Modules/Rooms/Rooms.Domain/Rooms.Domain.csproj" />
    <Project Path="src/Modules/Rooms/Rooms.Application/Rooms.Application.csproj" />
    <Project Path="src/Modules/Rooms/Rooms.Infrastructure/Rooms.Infrastructure.csproj" />
  </Folder>
  <Folder Name="/src/Host/">
    <Project Path="src/Host/StarHill.Api/StarHill.Api.csproj" />
  </Folder>
  <Folder Name="/tests/">
    <Project Path="tests/StarHill.ArchitectureTests/StarHill.ArchitectureTests.csproj" />
    <Project Path="tests/Bedrock.ContractTests/Bedrock.ContractTests.csproj" />
    <Project Path="tests/Modules/Identity.UnitTests/Identity.UnitTests.csproj" />
    <Project Path="tests/Modules/Identity.IntegrationTests/Identity.IntegrationTests.csproj" />
    <Project Path="tests/Modules/ResortConfig.UnitTests/ResortConfig.UnitTests.csproj" />
    <Project Path="tests/Modules/ResortConfig.IntegrationTests/ResortConfig.IntegrationTests.csproj" />
    <Project Path="tests/Modules/Rooms.IntegrationTests/Rooms.IntegrationTests.csproj" />
    <Project Path="tests/Host/StarHill.Api.Tests/StarHill.Api.Tests.csproj" />
  </Folder>
</Solution>
